// !$*UTF8*$!
{
	archiveVersion = 1;
	classes = {
	};
	objectVersion = 48;
	objects = {

/* Begin PBXBuildFile section */
		BC3ED38320AAE3670071B53F /* AppDelegate.swift in Sources */ = {isa = PBXBuildFile; fileRef = BC3ED38220AAE3670071B53F /* AppDelegate.swift */; };
		BC3ED38520AAE3670071B53F /* ListController.swift in Sources */ = {isa = PBXBuildFile; fileRef = BC3ED38420AAE3670071B53F /* ListController.swift */; };
		BC3ED38820AAE3670071B53F /* Main.storyboard in Resources */ = {isa = PBXBuildFile; fileRef = BC3ED38620AAE3670071B53F /* Main.storyboard */; };
		BC3ED38A20AAE3670071B53F /* Assets.xcassets in Resources */ = {isa = PBXBuildFile; fileRef = BC3ED38920AAE3670071B53F /* Assets.xcassets */; };
		BC3ED38D20AAE3670071B53F /* LaunchScreen.storyboard in Resources */ = {isa = PBXBuildFile; fileRef = BC3ED38B20AAE3670071B53F /* LaunchScreen.storyboard */; };
		BC3ED39520AAE51A0071B53F /* ListViewModel.swift in Sources */ = {isa = PBXBuildFile; fileRef = BC3ED39420AAE51A0071B53F /* ListViewModel.swift */; };
		BC3ED39720AAF4180071B53F /* Constants.swift in Sources */ = {isa = PBXBuildFile; fileRef = BC3ED39620AAF4180071B53F /* Constants.swift */; };
/* End PBXBuildFile section */

/* Begin PBXFileReference section */
		BC3ED37F20AAE3670071B53F /* JWSAlgorithm.app */ = {isa = PBXFileReference; explicitFileType = wrapper.application; includeInIndex = 0; path = JWSAlgorithm.app; sourceTree = BUILT_PRODUCTS_DIR; };
		BC3ED38220AAE3670071B53F /* AppDelegate.swift */ = {isa = PBXFileReference; lastKnownFileType = sourcecode.swift; path = AppDelegate.swift; sourceTree = "<group>"; };
		BC3ED38420AAE3670071B53F /* ListController.swift */ = {isa = PBXFileReference; lastKnownFileType = sourcecode.swift; path = ListController.swift; sourceTree = "<group>"; };
		BC3ED38720AAE3670071B53F /* Base */ = {isa = PBXFileReference; lastKnownFileType = file.storyboard; name = Base; path = Base.lproj/Main.storyboard; sourceTree = "<group>"; };
		BC3ED38920AAE3670071B53F /* Assets.xcassets */ = {isa = PBXFileReference; lastKnownFileType = folder.assetcatalog; path = Assets.xcassets; sourceTree = "<group>"; };
		BC3ED38C20AAE3670071B53F /* Base */ = {isa = PBXFileReference; lastKnownFileType = file.storyboard; name = Base; path = Base.lproj/LaunchScreen.storyboard; sourceTree = "<group>"; };
		BC3ED38E20AAE3670071B53F /* Info.plist */ = {isa = PBXFileReference; lastKnownFileType = text.plist.xml; path = Info.plist; sourceTree = "<group>"; };
		BC3ED39420AAE51A0071B53F /* ListViewModel.swift */ = {isa = PBXFileReference; lastKnownFileType = sourcecode.swift; path = ListViewModel.swift; sourceTree = "<group>"; };
		BC3ED39620AAF4180071B53F /* Constants.swift */ = {isa = PBXFileReference; lastKnownFileType = sourcecode.swift; path = Constants.swift; sourceTree = "<group>"; };
/* End PBXFileReference section */

/* Begin PBXFrameworksBuildPhase section */
		BC3ED37C20AAE3670071B53F /* Frameworks */ = {
			isa = PBXFrameworksBuildPhase;
			buildActionMask = 2147483647;
			files = (
			);
			runOnlyForDeploymentPostprocessing = 0;
		};
/* End PBXFrameworksBuildPhase section */

/* Begin PBXGroup section */
		BC3ED37620AAE3670071B53F = {
			isa = PBXGroup;
			children = (
				BC3ED38120AAE3670071B53F /* JWSAlgorithm */,
				BC3ED38020AAE3670071B53F /* Products */,
			);
			sourceTree = "<group>";
		};
		BC3ED38020AAE3670071B53F /* Products */ = {
			isa = PBXGroup;
			children = (
				BC3ED37F20AAE3670071B53F /* JWSAlgorithm.app */,
			);
			name = Products;
			sourceTree = "<group>";
		};
		BC3ED38120AAE3670071B53F /* JWSAlgorithm */ = {
			isa = PBXGroup;
			children = (
				BC3ED39620AAF4180071B53F /* Constants.swift */,
				BC3ED38220AAE3670071B53F /* AppDelegate.swift */,
				BC3ED39420AAE51A0071B53F /* ListViewModel.swift */,
				BC3ED38420AAE3670071B53F /* ListController.swift */,
				BC3ED38620AAE3670071B53F /* Main.storyboard */,
				BC3ED38920AAE3670071B53F /* Assets.xcassets */,
				BC3ED38B20AAE3670071B53F /* LaunchScreen.storyboard */,
				BC3ED38E20AAE3670071B53F /* Info.plist */,
			);
			path = JWSAlgorithm;
			sourceTree = "<group>";
		};
/* End PBXGroup section */

/* Begin PBXNativeTarget section */
		BC3ED37E20AAE3670071B53F /* JWSAlgorithm */ = {
			isa = PBXNativeTarget;
			buildConfigurationList = BC3ED39120AAE3670071B53F /* Build configuration list for PBXNativeTarget "JWSAlgorithm" */;
			buildPhases = (
				BC3ED37B20AAE3670071B53F /* Sources */,
				BC3ED37C20AAE3670071B53F /* Frameworks */,
				BC3ED37D20AAE3670071B53F /* Resources */,
			);
			buildRules = (
			);
			dependencies = (
			);
			name = JWSAlgorithm;
			productName = JWSAlgorithm;
			productReference = BC3ED37F20AAE3670071B53F /* JWSAlgorithm.app */;
			productType = "com.apple.product-type.application";
		};
/* End PBXNativeTarget section */

/* Begin PBXProject section */
		BC3ED37720AAE3670071B53F /* Project object */ = {
			isa = PBXProject;
			attributes = {
				LastSwiftUpdateCheck = 0920;
				LastUpgradeCheck = 0920;
				ORGANIZATIONNAME = clint;
				TargetAttributes = {
					BC3ED37E20AAE3670071B53F = {
						CreatedOnToolsVersion = 9.2;
						ProvisioningStyle = Automatic;
					};
				};
			};
			buildConfigurationList = BC3ED37A20AAE3670071B53F /* Build configuration list for PBXProject "JWSAlgorithm" */;
			compatibilityVersion = "Xcode 8.0";
			developmentRegion = en;
			hasScannedForEncodings = 0;
			knownRegions = (
				en,
				Base,
			);
			mainGroup = BC3ED37620AAE3670071B53F;
			productRefGroup = BC3ED38020AAE3670071B53F /* Products */;
			projectDirPath = "";
			projectRoot = "";
			targets = (
				BC3ED37E20AAE3670071B53F /* JWSAlgorithm */,
			);
		};
/* End PBXProject section */

/* Begin PBXResourcesBuildPhase section */
		BC3ED37D20AAE3670071B53F /* Resources */ = {
			isa = PBXResourcesBuildPhase;
			buildActionMask = 2147483647;
			files = (
				BC3ED38D20AAE3670071B53F /* LaunchScreen.storyboard in Resources */,
				BC3ED38A20AAE3670071B53F /* Assets.xcassets in Resources */,
				BC3ED38820AAE3670071B53F /* Main.storyboard in Resources */,
			);
			runOnlyForDeploymentPostprocessing = 0;
		};
/* End PBXResourcesBuildPhase section */

/* Begin PBXSourcesBuildPhase section */
		BC3ED37B20AAE3670071B53F /* Sources */ = {
			isa = PBXSourcesBuildPhase;
			buildActionMask = 2147483647;
			files = (
				BC3ED38520AAE3670071B53F /* ListController.swift in Sources */,
				BC3ED38320AAE3670071B53F /* AppDelegate.swift in Sources */,
				BC3ED39520AAE51A0071B53F /* ListViewModel.swift in Sources */,
				BC3ED39720AAF4180071B53F /* Constants.swift in Sources */,
			);
			runOnlyForDeploymentPostprocessing = 0;
		};
/* End PBXSourcesBuildPhase section */

/* Begin PBXVariantGroup section */
		BC3ED38620AAE3670071B53F /* Main.storyboard */ = {
			isa = PBXVariantGroup;
			children = (
				BC3ED38720AAE3670071B53F /* Base */,
			);
			name = Main.storyboard;
			sourceTree = "<group>";
		};
		BC3ED38B20AAE3670071B53F /* LaunchScreen.storyboard */ = {
			isa = PBXVariantGroup;
			children = (
				BC3ED38C20AAE3670071B53F /* Base */,
			);
			name = LaunchScreen.storyboard;
			sourceTree = "<group>";
		};
/* End PBXVariantGroup section */

/* Begin XCBuildConfiguration section */
		BC3ED38F20AAE3670071B53F /* Debug */ = {
			isa = XCBuildConfiguration;
			buildSettings = {
				ALWAYS_SEARCH_USER_PATHS = NO;
				CLANG_ANALYZER_NONNULL = YES;
				CLANG_ANALYZER_NUMBER_OBJECT_CONVERSION = YES_AGGRESSIVE;
				CLANG_CXX_LANGUAGE_STANDARD = "gnu++14";
				CLANG_CXX_LIBRARY = "libc++";
				CLANG_ENABLE_MODULES = YES;
				CLANG_ENABLE_OBJC_ARC = YES;
				CLANG_WARN_BLOCK_CAPTURE_AUTORELEASING = YES;
				CLANG_WARN_BOOL_CONVERSION = YES;
				CLANG_WARN_COMMA = YES;
				CLANG_WARN_CONSTANT_CONVERSION = YES;
				CLANG_WARN_DIRECT_OBJC_ISA_USAGE = YES_ERROR;
				CLANG_WARN_DOCUMENTATION_COMMENTS = YES;
				CLANG_WARN_EMPTY_BODY = YES;
				CLANG_WARN_ENUM_CONVERSION = YES;
				CLANG_WARN_INFINITE_RECURSION = YES;
				CLANG_WARN_INT_CONVERSION = YES;
				CLANG_WARN_NON_LITERAL_NULL_CONVERSION = YES;
				CLANG_WARN_OBJC_LITERAL_CONVERSION = YES;
				CLANG_WARN_OBJC_ROOT_CLASS = YES_ERROR;
				CLANG_WARN_RANGE_LOOP_ANALYSIS = YES;
				CLANG_WARN_STRICT_PROTOTYPES = YES;
				CLANG_WARN_SUSPICIOUS_MOVE = YES;
				CLANG_WARN_UNGUARDED_AVAILABILITY = YES_AGGRESSIVE;
				CLANG_WARN_UNREACHABLE_CODE = YES;
				CLANG_WARN__DUPLICATE_METHOD_MATCH = YES;
				CODE_SIGN_IDENTITY = "iPhone Developer";
				COPY_PHASE_STRIP = NO;
				DEBUG_INFORMATION_FORMAT = dwarf;
				ENABLE_STRICT_OBJC_MSGSEND = YES;
				ENABLE_TESTABILITY = YES;
				GCC_C_LANGUAGE_STANDARD = gnu11;
				GCC_DYNAMIC_NO_PIC = NO;
				GCC_NO_COMMON_BLOCKS = YES;
				GCC_OPTIMIZATION_LEVEL = 0;
				GCC_PREPROCESSOR_DEFINITIONS = (
					"DEBUG=1",
					"$(inherited)",
				);
				GCC_WARN_64_TO_32_BIT_CONVERSION = YES;
				GCC_WARN_ABOUT_RETURN_TYPE = YES_ERROR;
				GCC_WARN_UNDECLARED_SELECTOR = YES;
				GCC_WARN_UNINITIALIZED_AUTOS = YES_AGGRESSIVE;
				GCC_WARN_UNUSED_FUNCTION = YES;
				GCC_WARN_UNUSED_VARIABLE = YES;
				IPHONEOS_DEPLOYMENT_TARGET = 11.2;
				MTL_ENABLE_DEBUG_INFO = YES;
				ONLY_ACTIVE_ARCH = YES;
				SDKROOT = iphoneos;
				SWIFT_ACTIVE_COMPILATION_CONDITIONS = DEBUG;
				SWIFT_OPTIMIZATION_LEVEL = "-Onone";
			};
			name = Debug;
		};
		BC3ED39020AAE3670071B53F /* Release */ = {
			isa = XCBuildConfiguration;
			buildSettings = {
				ALWAYS_SEARCH_USER_PATHS = NO;
				CLANG_ANALYZER_NONNULL = YES;
				CLANG_ANALYZER_NUMBER_OBJECT_CONVERSION = YES_AGGRESSIVE;
				CLANG_CXX_LANGUAGE_STANDARD = "gnu++14";
				CLANG_CXX_LIBRARY = "libc++";
				CLANG_ENABLE_MODULES = YES;
				CLANG_ENABLE_OBJC_ARC = YES;
				CLANG_WARN_BLOCK_CAPTURE_AUTORELEASING = YES;
				CLANG_WARN_BOOL_CONVERSION = YES;
				CLANG_WARN_COMMA = YES;
				CLANG_WARN_CONSTANT_CONVERSION = YES;
				CLANG_WARN_DIRECT_OBJC_ISA_USAGE = YES_ERROR;
				CLANG_WARN_DOCUMENTATION_COMMENTS = YES;
				CLANG_WARN_EMPTY_BODY = YES;
				CLANG_WARN_ENUM_CONVERSION = YES;
				CLANG_WARN_INFINITE_RECURSION = YES;
				CLANG_WARN_INT_CONVERSION = YES;
				CLANG_WARN_NON_LITERAL_NULL_CONVERSION = YES;
				CLANG_WARN_OBJC_LITERAL_CONVERSION = YES;
				CLANG_WARN_OBJC_ROOT_CLASS = YES_ERROR;
				CLANG_WARN_RANGE_LOOP_ANALYSIS = YES;
				CLANG_WARN_STRICT_PROTOTYPES = YES;
				CLANG_WARN_SUSPICIOUS_MOVE = YES;
				CLANG_WARN_UNGUARDED_AVAILABILITY = YES_AGGRESSIVE;
				CLANG_WARN_UNREACHABLE_CODE = YES;
				CLANG_WARN__DUPLICATE_METHOD_MATCH = YES;
				CODE_SIGN_IDENTITY = "iPhone Developer";
				COPY_PHASE_STRIP = NO;
				DEBUG_INFORMATION_FORMAT = "dwarf-with-dsym";
				ENABLE_NS_ASSERTIONS = NO;
				ENABLE_STRICT_OBJC_MSGSEND = YES;
				GCC_C_LANGUAGE_STANDARD = gnu11;
				GCC_NO_COMMON_BLOCKS = YES;
				GCC_WARN_64_TO_32_BIT_CONVERSION = YES;
				GCC_WARN_ABOUT_RETURN_TYPE = YES_ERROR;
				GCC_WARN_UNDECLARED_SELECTOR = YES;
				GCC_WARN_UNINITIALIZED_AUTOS = YES_AGGRESSIVE;
				GCC_WARN_UNUSED_FUNCTION = YES;
				GCC_WARN_UNUSED_VARIABLE = YES;
				IPHONEOS_DEPLOYMENT_TARGET = 11.2;
				MTL_ENABLE_DEBUG_INFO = NO;
				SDKROOT = iphoneos;
				SWIFT_OPTIMIZATION_LEVEL = "-Owholemodule";
				VALIDATE_PRODUCT = YES;
			};
			name = Release;
		};
		BC3ED39220AAE3670071B53F /* Debug */ = {
			isa = XCBuildConfiguration;
			buildSettings = {
				ASSETCATALOG_COMPILER_APPICON_NAME = AppIcon;
				CODE_SIGN_STYLE = Automatic;
				DEVELOPMENT_TEAM = Y72B7R5K2B;
				INFOPLIST_FILE = JWSAlgorithm/Info.plist;
				LD_RUNPATH_SEARCH_PATHS = "$(inherited) @executable_path/Frameworks";
				PRODUCT_BUNDLE_IDENTIFIER = kr.co.clintjang.JWSAlgorithm;
				PRODUCT_NAME = "$(TARGET_NAME)";
				SWIFT_VERSION = 4.0;
				TARGETED_DEVICE_FAMILY = "1,2";
			};
			name = Debug;
		};
		BC3ED39320AAE3670071B53F /* Release */ = {
			isa = XCBuildConfiguration;
			buildSettings = {
				ASSETCATALOG_COMPILER_APPICON_NAME = AppIcon;
				CODE_SIGN_STYLE = Automatic;
				DEVELOPMENT_TEAM = Y72B7R5K2B;
				INFOPLIST_FILE = JWSAlgorithm/Info.plist;
				LD_RUNPATH_SEARCH_PATHS = "$(inherited) @executable_path/Frameworks";
				PRODUCT_BUNDLE_IDENTIFIER = kr.co.clintjang.JWSAlgorithm;
				PRODUCT_NAME = "$(TARGET_NAME)";
				SWIFT_VERSION = 4.0;
				TARGETED_DEVICE_FAMILY = "1,2";
			};
			name = Release;
		};
/* End XCBuildConfiguration section */

/* Begin XCConfigurationList section */
		BC3ED37A20AAE3670071B53F /* Build configuration list for PBXProject "JWSAlgorithm" */ = {
			isa = XCConfigurationList;
			buildConfigurations = (
				BC3ED38F20AAE3670071B53F /* Debug */,
				BC3ED39020AAE3670071B53F /* Release */,
			);
			defaultConfigurationIsVisible = 0;
			defaultConfigurationName = Release;
		};
		BC3ED39120AAE3670071B53F /* Build configuration list for PBXNativeTarget "JWSAlgorithm" */ = {
			isa = XCConfigurationList;
			buildConfigurations = (
				BC3ED39220AAE3670071B53F /* Debug */,
				BC3ED39320AAE3670071B53F /* Release */,
			);
			defaultConfigurationIsVisible = 0;
			defaultConfigurationName = Release;
		};
/* End XCConfigurationList section */
	};
	rootObject = BC3ED37720AAE3670071B53F /* Project object */;
}
